// !$*UTF8*$!
{
	archiveVersion = 1;
	classes = {
	};
	objectVersion = 50;
	objects = {

/* Begin PBXBuildFile section */
		87628786252BAFE2004FD518 /* AppDelegate.swift in Sources */ = {isa = PBXBuildFile; fileRef = 87628785252BAFE2004FD518 /* AppDelegate.swift */; };
		87628788252BAFE2004FD518 /* SceneDelegate.swift in Sources */ = {isa = PBXBuildFile; fileRef = 87628787252BAFE2004FD518 /* SceneDelegate.swift */; };
		8762878A252BAFE2004FD518 /* ViewController.swift in Sources */ = {isa = PBXBuildFile; fileRef = 87628789252BAFE2004FD518 /* ViewController.swift */; };
		8762878D252BAFE2004FD518 /* Main.storyboard in Resources */ = {isa = PBXBuildFile; fileRef = 8762878B252BAFE2004FD518 /* Main.storyboard */; };
		8762878F252BAFE9004FD518 /* Assets.xcassets in Resources */ = {isa = PBXBuildFile; fileRef = 8762878E252BAFE9004FD518 /* Assets.xcassets */; };
		87628792252BAFE9004FD518 /* LaunchScreen.storyboard in Resources */ = {isa = PBXBuildFile; fileRef = 87628790252BAFE9004FD518 /* LaunchScreen.storyboard */; };
		8762879D252BAFEA004FD518 /* NetworkLayerTests.swift in Sources */ = {isa = PBXBuildFile; fileRef = 8762879C252BAFEA004FD518 /* NetworkLayerTests.swift */; };
		876287AD252BB842004FD518 /* EndPointType.swift in Sources */ = {isa = PBXBuildFile; fileRef = 876287AC252BB842004FD518 /* EndPointType.swift */; };
		876287AF252BB8A4004FD518 /* HTTPMethod.swift in Sources */ = {isa = PBXBuildFile; fileRef = 876287AE252BB8A4004FD518 /* HTTPMethod.swift */; };
		876287B1252BB911004FD518 /* HTTPTask.swift in Sources */ = {isa = PBXBuildFile; fileRef = 876287B0252BB911004FD518 /* HTTPTask.swift */; };
		876287B3252BBA1A004FD518 /* ParameterEncoding.swift in Sources */ = {isa = PBXBuildFile; fileRef = 876287B2252BBA1A004FD518 /* ParameterEncoding.swift */; };
		876287B5252BBCDF004FD518 /* URLParameterEncoder.swift in Sources */ = {isa = PBXBuildFile; fileRef = 876287B4252BBCDF004FD518 /* URLParameterEncoder.swift */; };
		876287B7252D026C004FD518 /* JSONParameterEncoder.swift in Sources */ = {isa = PBXBuildFile; fileRef = 876287B6252D026C004FD518 /* JSONParameterEncoder.swift */; };
		876287B9252D039B004FD518 /* NetworkRouter.swift in Sources */ = {isa = PBXBuildFile; fileRef = 876287B8252D039B004FD518 /* NetworkRouter.swift */; };
		876287BB252D0419004FD518 /* Router.swift in Sources */ = {isa = PBXBuildFile; fileRef = 876287BA252D0419004FD518 /* Router.swift */; };
		876287BD252D05E4004FD518 /* NetworkLogger .swift in Sources */ = {isa = PBXBuildFile; fileRef = 876287BC252D05E4004FD518 /* NetworkLogger .swift */; };
		876287BF252D062B004FD518 /* NetworkManger.swift in Sources */ = {isa = PBXBuildFile; fileRef = 876287BE252D062B004FD518 /* NetworkManger.swift */; };
		876287C1252D0796004FD518 /* MovieEndPoint.swift in Sources */ = {isa = PBXBuildFile; fileRef = 876287C0252D0796004FD518 /* MovieEndPoint.swift */; };
		876287C4252D094B004FD518 /* Movie.swift in Sources */ = {isa = PBXBuildFile; fileRef = 876287C3252D094B004FD518 /* Movie.swift */; };
/* End PBXBuildFile section */

/* Begin PBXContainerItemProxy section */
		87628799252BAFEA004FD518 /* PBXContainerItemProxy */ = {
			isa = PBXContainerItemProxy;
			containerPortal = 8762877A252BAFE2004FD518 /* Project object */;
			proxyType = 1;
			remoteGlobalIDString = 87628781252BAFE2004FD518;
			remoteInfo = NetworkLayer;
		};
/* End PBXContainerItemProxy section */

/* Begin PBXFileReference section */
		87628782252BAFE2004FD518 /* NetworkLayer.app */ = {isa = PBXFileReference; explicitFileType = wrapper.application; includeInIndex = 0; path = NetworkLayer.app; sourceTree = BUILT_PRODUCTS_DIR; };
		87628785252BAFE2004FD518 /* AppDelegate.swift */ = {isa = PBXFileReference; lastKnownFileType = sourcecode.swift; path = AppDelegate.swift; sourceTree = "<group>"; };
		87628787252BAFE2004FD518 /* SceneDelegate.swift */ = {isa = PBXFileReference; lastKnownFileType = sourcecode.swift; path = SceneDelegate.swift; sourceTree = "<group>"; };
		87628789252BAFE2004FD518 /* ViewController.swift */ = {isa = PBXFileReference; lastKnownFileType = sourcecode.swift; path = ViewController.swift; sourceTree = "<group>"; };
		8762878C252BAFE2004FD518 /* Base */ = {isa = PBXFileReference; lastKnownFileType = file.storyboard; name = Base; path = Base.lproj/Main.storyboard; sourceTree = "<group>"; };
		8762878E252BAFE9004FD518 /* Assets.xcassets */ = {isa = PBXFileReference; lastKnownFileType = folder.assetcatalog; path = Assets.xcassets; sourceTree = "<group>"; };
		87628791252BAFE9004FD518 /* Base */ = {isa = PBXFileReference; lastKnownFileType = file.storyboard; name = Base; path = Base.lproj/LaunchScreen.storyboard; sourceTree = "<group>"; };
		87628793252BAFE9004FD518 /* Info.plist */ = {isa = PBXFileReference; lastKnownFileType = text.plist.xml; path = Info.plist; sourceTree = "<group>"; };
		87628798252BAFEA004FD518 /* NetworkLayerTests.xctest */ = {isa = PBXFileReference; explicitFileType = wrapper.cfbundle; includeInIndex = 0; path = NetworkLayerTests.xctest; sourceTree = BUILT_PRODUCTS_DIR; };
		8762879C252BAFEA004FD518 /* NetworkLayerTests.swift */ = {isa = PBXFileReference; lastKnownFileType = sourcecode.swift; path = NetworkLayerTests.swift; sourceTree = "<group>"; };
		8762879E252BAFEA004FD518 /* Info.plist */ = {isa = PBXFileReference; lastKnownFileType = text.plist.xml; path = Info.plist; sourceTree = "<group>"; };
		876287AC252BB842004FD518 /* EndPointType.swift */ = {isa = PBXFileReference; lastKnownFileType = sourcecode.swift; path = EndPointType.swift; sourceTree = "<group>"; };
		876287AE252BB8A4004FD518 /* HTTPMethod.swift */ = {isa = PBXFileReference; lastKnownFileType = sourcecode.swift; path = HTTPMethod.swift; sourceTree = "<group>"; };
		876287B0252BB911004FD518 /* HTTPTask.swift */ = {isa = PBXFileReference; lastKnownFileType = sourcecode.swift; path = HTTPTask.swift; sourceTree = "<group>"; };
		876287B2252BBA1A004FD518 /* ParameterEncoding.swift */ = {isa = PBXFileReference; lastKnownFileType = sourcecode.swift; path = ParameterEncoding.swift; sourceTree = "<group>"; };
		876287B4252BBCDF004FD518 /* URLParameterEncoder.swift */ = {isa = PBXFileReference; lastKnownFileType = sourcecode.swift; path = URLParameterEncoder.swift; sourceTree = "<group>"; };
		876287B6252D026C004FD518 /* JSONParameterEncoder.swift */ = {isa = PBXFileReference; lastKnownFileType = sourcecode.swift; path = JSONParameterEncoder.swift; sourceTree = "<group>"; };
		876287B8252D039B004FD518 /* NetworkRouter.swift */ = {isa = PBXFileReference; lastKnownFileType = sourcecode.swift; path = NetworkRouter.swift; sourceTree = "<group>"; };
		876287BA252D0419004FD518 /* Router.swift */ = {isa = PBXFileReference; lastKnownFileType = sourcecode.swift; path = Router.swift; sourceTree = "<group>"; };
		876287BC252D05E4004FD518 /* NetworkLogger .swift */ = {isa = PBXFileReference; lastKnownFileType = sourcecode.swift; path = "NetworkLogger .swift"; sourceTree = "<group>"; };
		876287BE252D062B004FD518 /* NetworkManger.swift */ = {isa = PBXFileReference; lastKnownFileType = sourcecode.swift; path = NetworkManger.swift; sourceTree = "<group>"; };
		876287C0252D0796004FD518 /* MovieEndPoint.swift */ = {isa = PBXFileReference; lastKnownFileType = sourcecode.swift; path = MovieEndPoint.swift; sourceTree = "<group>"; };
		876287C3252D094B004FD518 /* Movie.swift */ = {isa = PBXFileReference; lastKnownFileType = sourcecode.swift; path = Movie.swift; sourceTree = "<group>"; };
/* End PBXFileReference section */

/* Begin PBXFrameworksBuildPhase section */
		8762877F252BAFE2004FD518 /* Frameworks */ = {
			isa = PBXFrameworksBuildPhase;
			buildActionMask = 2147483647;
			files = (
			);
			runOnlyForDeploymentPostprocessing = 0;
		};
		87628795252BAFEA004FD518 /* Frameworks */ = {
			isa = PBXFrameworksBuildPhase;
			buildActionMask = 2147483647;
			files = (
			);
			runOnlyForDeploymentPostprocessing = 0;
		};
/* End PBXFrameworksBuildPhase section */

/* Begin PBXGroup section */
		87628779252BAFE2004FD518 = {
			isa = PBXGroup;
			children = (
				87628784252BAFE2004FD518 /* NetworkLayer */,
				8762879B252BAFEA004FD518 /* NetworkLayerTests */,
				87628783252BAFE2004FD518 /* Products */,
			);
			sourceTree = "<group>";
		};
		87628783252BAFE2004FD518 /* Products */ = {
			isa = PBXGroup;
			children = (
				87628782252BAFE2004FD518 /* NetworkLayer.app */,
				87628798252BAFEA004FD518 /* NetworkLayerTests.xctest */,
			);
			name = Products;
			sourceTree = "<group>";
		};
		87628784252BAFE2004FD518 /* NetworkLayer */ = {
			isa = PBXGroup;
			children = (
				876287C2252D091F004FD518 /* Model */,
				876287A7252BB196004FD518 /* Networking */,
				87628785252BAFE2004FD518 /* AppDelegate.swift */,
				87628787252BAFE2004FD518 /* SceneDelegate.swift */,
				87628789252BAFE2004FD518 /* ViewController.swift */,
				8762878B252BAFE2004FD518 /* Main.storyboard */,
				8762878E252BAFE9004FD518 /* Assets.xcassets */,
				87628790252BAFE9004FD518 /* LaunchScreen.storyboard */,
				87628793252BAFE9004FD518 /* Info.plist */,
			);
			path = NetworkLayer;
			sourceTree = "<group>";
		};
		8762879B252BAFEA004FD518 /* NetworkLayerTests */ = {
			isa = PBXGroup;
			children = (
				8762879C252BAFEA004FD518 /* NetworkLayerTests.swift */,
				8762879E252BAFEA004FD518 /* Info.plist */,
			);
			path = NetworkLayerTests;
			sourceTree = "<group>";
		};
		876287A7252BB196004FD518 /* Networking */ = {
			isa = PBXGroup;
			children = (
				876287AB252BB1BD004FD518 /* Encoding */,
				876287AA252BB1B6004FD518 /* Service */,
				876287A9252BB1AD004FD518 /* Manger */,
				876287A8252BB1A2004FD518 /* EndPoint */,
			);
			path = Networking;
			sourceTree = "<group>";
		};
		876287A8252BB1A2004FD518 /* EndPoint */ = {
			isa = PBXGroup;
			children = (
				876287C0252D0796004FD518 /* MovieEndPoint.swift */,
			);
			path = EndPoint;
			sourceTree = "<group>";
		};
		876287A9252BB1AD004FD518 /* Manger */ = {
			isa = PBXGroup;
			children = (
				876287BE252D062B004FD518 /* NetworkManger.swift */,
			);
			path = Manger;
			sourceTree = "<group>";
		};
		876287AA252BB1B6004FD518 /* Service */ = {
			isa = PBXGroup;
			children = (
				876287AC252BB842004FD518 /* EndPointType.swift */,
				876287AE252BB8A4004FD518 /* HTTPMethod.swift */,
				876287B0252BB911004FD518 /* HTTPTask.swift */,
				876287B8252D039B004FD518 /* NetworkRouter.swift */,
				876287BA252D0419004FD518 /* Router.swift */,
				876287BC252D05E4004FD518 /* NetworkLogger .swift */,
			);
			path = Service;
			sourceTree = "<group>";
		};
		876287AB252BB1BD004FD518 /* Encoding */ = {
			isa = PBXGroup;
			children = (
				876287B2252BBA1A004FD518 /* ParameterEncoding.swift */,
				876287B4252BBCDF004FD518 /* URLParameterEncoder.swift */,
				876287B6252D026C004FD518 /* JSONParameterEncoder.swift */,
			);
			path = Encoding;
			sourceTree = "<group>";
		};
		876287C2252D091F004FD518 /* Model */ = {
			isa = PBXGroup;
			children = (
				876287C3252D094B004FD518 /* Movie.swift */,
			);
			path = Model;
			sourceTree = "<group>";
		};
/* End PBXGroup section */

/* Begin PBXNativeTarget section */
		87628781252BAFE2004FD518 /* NetworkLayer */ = {
			isa = PBXNativeTarget;
			buildConfigurationList = 876287A1252BAFEA004FD518 /* Build configuration list for PBXNativeTarget "NetworkLayer" */;
			buildPhases = (
				8762877E252BAFE2004FD518 /* Sources */,
				8762877F252BAFE2004FD518 /* Frameworks */,
				87628780252BAFE2004FD518 /* Resources */,
			);
			buildRules = (
			);
			dependencies = (
			);
			name = NetworkLayer;
			productName = NetworkLayer;
			productReference = 87628782252BAFE2004FD518 /* NetworkLayer.app */;
			productType = "com.apple.product-type.application";
		};
		87628797252BAFEA004FD518 /* NetworkLayerTests */ = {
			isa = PBXNativeTarget;
			buildConfigurationList = 876287A4252BAFEA004FD518 /* Build configuration list for PBXNativeTarget "NetworkLayerTests" */;
			buildPhases = (
				87628794252BAFEA004FD518 /* Sources */,
				87628795252BAFEA004FD518 /* Frameworks */,
				87628796252BAFEA004FD518 /* Resources */,
			);
			buildRules = (
			);
			dependencies = (
				8762879A252BAFEA004FD518 /* PBXTargetDependency */,
			);
			name = NetworkLayerTests;
			productName = NetworkLayerTests;
			productReference = 87628798252BAFEA004FD518 /* NetworkLayerTests.xctest */;
			productType = "com.apple.product-type.bundle.unit-test";
		};
/* End PBXNativeTarget section */

/* Begin PBXProject section */
		8762877A252BAFE2004FD518 /* Project object */ = {
			isa = PBXProject;
			attributes = {
				LastSwiftUpdateCheck = 1120;
				LastUpgradeCheck = 1120;
				ORGANIZATIONNAME = "Mohamed Korany Ali";
				TargetAttributes = {
					87628781252BAFE2004FD518 = {
						CreatedOnToolsVersion = 11.2.1;
					};
					87628797252BAFEA004FD518 = {
						CreatedOnToolsVersion = 11.2.1;
						TestTargetID = 87628781252BAFE2004FD518;
					};
				};
			};
			buildConfigurationList = 8762877D252BAFE2004FD518 /* Build configuration list for PBXProject "NetworkLayer" */;
			compatibilityVersion = "Xcode 9.3";
			developmentRegion = en;
			hasScannedForEncodings = 0;
			knownRegions = (
				en,
				Base,
			);
			mainGroup = 87628779252BAFE2004FD518;
			productRefGroup = 87628783252BAFE2004FD518 /* Products */;
			projectDirPath = "";
			projectRoot = "";
			targets = (
				87628781252BAFE2004FD518 /* NetworkLayer */,
				87628797252BAFEA004FD518 /* NetworkLayerTests */,
			);
		};
/* End PBXProject section */

/* Begin PBXResourcesBuildPhase section */
		87628780252BAFE2004FD518 /* Resources */ = {
			isa = PBXResourcesBuildPhase;
			buildActionMask = 2147483647;
			files = (
				87628792252BAFE9004FD518 /* LaunchScreen.storyboard in Resources */,
				8762878F252BAFE9004FD518 /* Assets.xcassets in Resources */,
				8762878D252BAFE2004FD518 /* Main.storyboard in Resources */,
			);
			runOnlyForDeploymentPostprocessing = 0;
		};
		87628796252BAFEA004FD518 /* Resources */ = {
			isa = PBXResourcesBuildPhase;
			buildActionMask = 2147483647;
			files = (
			);
			runOnlyForDeploymentPostprocessing = 0;
		};
/* End PBXResourcesBuildPhase section */

/* Begin PBXSourcesBuildPhase section */
		8762877E252BAFE2004FD518 /* Sources */ = {
			isa = PBXSourcesBuildPhase;
			buildActionMask = 2147483647;
			files = (
				876287BB252D0419004FD518 /* Router.swift in Sources */,
				876287B5252BBCDF004FD518 /* URLParameterEncoder.swift in Sources */,
				876287B3252BBA1A004FD518 /* ParameterEncoding.swift in Sources */,
				876287B1252BB911004FD518 /* HTTPTask.swift in Sources */,
				876287AD252BB842004FD518 /* EndPointType.swift in Sources */,
				8762878A252BAFE2004FD518 /* ViewController.swift in Sources */,
				876287BF252D062B004FD518 /* NetworkManger.swift in Sources */,
				876287B7252D026C004FD518 /* JSONParameterEncoder.swift in Sources */,
				87628786252BAFE2004FD518 /* AppDelegate.swift in Sources */,
				876287B9252D039B004FD518 /* NetworkRouter.swift in Sources */,
				876287BD252D05E4004FD518 /* NetworkLogger .swift in Sources */,
				876287C1252D0796004FD518 /* MovieEndPoint.swift in Sources */,
				876287AF252BB8A4004FD518 /* HTTPMethod.swift in Sources */,
				87628788252BAFE2004FD518 /* SceneDelegate.swift in Sources */,
				876287C4252D094B004FD518 /* Movie.swift in Sources */,
			);
			runOnlyForDeploymentPostprocessing = 0;
		};
		87628794252BAFEA004FD518 /* Sources */ = {
			isa = PBXSourcesBuildPhase;
			buildActionMask = 2147483647;
			files = (
				8762879D252BAFEA004FD518 /* NetworkLayerTests.swift in Sources */,
			);
			runOnlyForDeploymentPostprocessing = 0;
		};
/* End PBXSourcesBuildPhase section */

/* Begin PBXTargetDependency section */
		8762879A252BAFEA004FD518 /* PBXTargetDependency */ = {
			isa = PBXTargetDependency;
			target = 87628781252BAFE2004FD518 /* NetworkLayer */;
			targetProxy = 87628799252BAFEA004FD518 /* PBXContainerItemProxy */;
		};
/* End PBXTargetDependency section */

/* Begin PBXVariantGroup section */
		8762878B252BAFE2004FD518 /* Main.storyboard */ = {
			isa = PBXVariantGroup;
			children = (
				8762878C252BAFE2004FD518 /* Base */,
			);
			name = Main.storyboard;
			sourceTree = "<group>";
		};
		87628790252BAFE9004FD518 /* LaunchScreen.storyboard */ = {
			isa = PBXVariantGroup;
			children = (
				87628791252BAFE9004FD518 /* Base */,
			);
			name = LaunchScreen.storyboard;
			sourceTree = "<group>";
		};
/* End PBXVariantGroup section */

/* Begin XCBuildConfiguration section */
		8762879F252BAFEA004FD518 /* Debug */ = {
			isa = XCBuildConfiguration;
			buildSettings = {
				ALWAYS_SEARCH_USER_PATHS = NO;
				CLANG_ANALYZER_NONNULL = YES;
				CLANG_ANALYZER_NUMBER_OBJECT_CONVERSION = YES_AGGRESSIVE;
				CLANG_CXX_LANGUAGE_STANDARD = "gnu++14";
				CLANG_CXX_LIBRARY = "libc++";
				CLANG_ENABLE_MODULES = YES;
				CLANG_ENABLE_OBJC_ARC = YES;
				CLANG_ENABLE_OBJC_WEAK = YES;
				CLANG_WARN_BLOCK_CAPTURE_AUTORELEASING = YES;
				CLANG_WARN_BOOL_CONVERSION = YES;
				CLANG_WARN_COMMA = YES;
				CLANG_WARN_CONSTANT_CONVERSION = YES;
				CLANG_WARN_DEPRECATED_OBJC_IMPLEMENTATIONS = YES;
				CLANG_WARN_DIRECT_OBJC_ISA_USAGE = YES_ERROR;
				CLANG_WARN_DOCUMENTATION_COMMENTS = YES;
				CLANG_WARN_EMPTY_BODY = YES;
				CLANG_WARN_ENUM_CONVERSION = YES;
				CLANG_WARN_INFINITE_RECURSION = YES;
				CLANG_WARN_INT_CONVERSION = YES;
				CLANG_WARN_NON_LITERAL_NULL_CONVERSION = YES;
				CLANG_WARN_OBJC_IMPLICIT_RETAIN_SELF = YES;
				CLANG_WARN_OBJC_LITERAL_CONVERSION = YES;
				CLANG_WARN_OBJC_ROOT_CLASS = YES_ERROR;
				CLANG_WARN_RANGE_LOOP_ANALYSIS = YES;
				CLANG_WARN_STRICT_PROTOTYPES = YES;
				CLANG_WARN_SUSPICIOUS_MOVE = YES;
				CLANG_WARN_UNGUARDED_AVAILABILITY = YES_AGGRESSIVE;
				CLANG_WARN_UNREACHABLE_CODE = YES;
				CLANG_WARN__DUPLICATE_METHOD_MATCH = YES;
				COPY_PHASE_STRIP = NO;
				DEBUG_INFORMATION_FORMAT = dwarf;
				ENABLE_STRICT_OBJC_MSGSEND = YES;
				ENABLE_TESTABILITY = YES;
				GCC_C_LANGUAGE_STANDARD = gnu11;
				GCC_DYNAMIC_NO_PIC = NO;
				GCC_NO_COMMON_BLOCKS = YES;
				GCC_OPTIMIZATION_LEVEL = 0;
				GCC_PREPROCESSOR_DEFINITIONS = (
					"DEBUG=1",
					"$(inherited)",
				);
				GCC_WARN_64_TO_32_BIT_CONVERSION = YES;
				GCC_WARN_ABOUT_RETURN_TYPE = YES_ERROR;
				GCC_WARN_UNDECLARED_SELECTOR = YES;
				GCC_WARN_UNINITIALIZED_AUTOS = YES_AGGRESSIVE;
				GCC_WARN_UNUSED_FUNCTION = YES;
				GCC_WARN_UNUSED_VARIABLE = YES;
				IPHONEOS_DEPLOYMENT_TARGET = 13.2;
				MTL_ENABLE_DEBUG_INFO = INCLUDE_SOURCE;
				MTL_FAST_MATH = YES;
				ONLY_ACTIVE_ARCH = YES;
				SDKROOT = iphoneos;
				SWIFT_ACTIVE_COMPILATION_CONDITIONS = DEBUG;
				SWIFT_OPTIMIZATION_LEVEL = "-Onone";
			};
			name = Debug;
		};
		876287A0252BAFEA004FD518 /* Release */ = {
			isa = XCBuildConfiguration;
			buildSettings = {
				ALWAYS_SEARCH_USER_PATHS = NO;
				CLANG_ANALYZER_NONNULL = YES;
				CLANG_ANALYZER_NUMBER_OBJECT_CONVERSION = YES_AGGRESSIVE;
				CLANG_CXX_LANGUAGE_STANDARD = "gnu++14";
				CLANG_CXX_LIBRARY = "libc++";
				CLANG_ENABLE_MODULES = YES;
				CLANG_ENABLE_OBJC_ARC = YES;
				CLANG_ENABLE_OBJC_WEAK = YES;
				CLANG_WARN_BLOCK_CAPTURE_AUTORELEASING = YES;
				CLANG_WARN_BOOL_CONVERSION = YES;
				CLANG_WARN_COMMA = YES;
				CLANG_WARN_CONSTANT_CONVERSION = YES;
				CLANG_WARN_DEPRECATED_OBJC_IMPLEMENTATIONS = YES;
				CLANG_WARN_DIRECT_OBJC_ISA_USAGE = YES_ERROR;
				CLANG_WARN_DOCUMENTATION_COMMENTS = YES;
				CLANG_WARN_EMPTY_BODY = YES;
				CLANG_WARN_ENUM_CONVERSION = YES;
				CLANG_WARN_INFINITE_RECURSION = YES;
				CLANG_WARN_INT_CONVERSION = YES;
				CLANG_WARN_NON_LITERAL_NULL_CONVERSION = YES;
				CLANG_WARN_OBJC_IMPLICIT_RETAIN_SELF = YES;
				CLANG_WARN_OBJC_LITERAL_CONVERSION = YES;
				CLANG_WARN_OBJC_ROOT_CLASS = YES_ERROR;
				CLANG_WARN_RANGE_LOOP_ANALYSIS = YES;
				CLANG_WARN_STRICT_PROTOTYPES = YES;
				CLANG_WARN_SUSPICIOUS_MOVE = YES;
				CLANG_WARN_UNGUARDED_AVAILABILITY = YES_AGGRESSIVE;
				CLANG_WARN_UNREACHABLE_CODE = YES;
				CLANG_WARN__DUPLICATE_METHOD_MATCH = YES;
				COPY_PHASE_STRIP = NO;
				DEBUG_INFORMATION_FORMAT = "dwarf-with-dsym";
				ENABLE_NS_ASSERTIONS = NO;
				ENABLE_STRICT_OBJC_MSGSEND = YES;
				GCC_C_LANGUAGE_STANDARD = gnu11;
				GCC_NO_COMMON_BLOCKS = YES;
				GCC_WARN_64_TO_32_BIT_CONVERSION = YES;
				GCC_WARN_ABOUT_RETURN_TYPE = YES_ERROR;
				GCC_WARN_UNDECLARED_SELECTOR = YES;
				GCC_WARN_UNINITIALIZED_AUTOS = YES_AGGRESSIVE;
				GCC_WARN_UNUSED_FUNCTION = YES;
				GCC_WARN_UNUSED_VARIABLE = YES;
				IPHONEOS_DEPLOYMENT_TARGET = 13.2;
				MTL_ENABLE_DEBUG_INFO = NO;
				MTL_FAST_MATH = YES;
				SDKROOT = iphoneos;
				SWIFT_COMPILATION_MODE = wholemodule;
				SWIFT_OPTIMIZATION_LEVEL = "-O";
				VALIDATE_PRODUCT = YES;
			};
			name = Release;
		};
		876287A2252BAFEA004FD518 /* Debug */ = {
			isa = XCBuildConfiguration;
			buildSettings = {
				ASSETCATALOG_COMPILER_APPICON_NAME = AppIcon;
				CODE_SIGN_STYLE = Automatic;
				DEVELOPMENT_TEAM = 65BYK5SR4J;
				INFOPLIST_FILE = NetworkLayer/Info.plist;
				LD_RUNPATH_SEARCH_PATHS = (
					"$(inherited)",
					"@executable_path/Frameworks",
				);
				PRODUCT_BUNDLE_IDENTIFIER = RM.NetworkLayer;
				PRODUCT_NAME = "$(TARGET_NAME)";
				SWIFT_VERSION = 5.0;
				TARGETED_DEVICE_FAMILY = "1,2";
			};
			name = Debug;
		};
		876287A3252BAFEA004FD518 /* Release */ = {
			isa = XCBuildConfiguration;
			buildSettings = {
				ASSETCATALOG_COMPILER_APPICON_NAME = AppIcon;
				CODE_SIGN_STYLE = Automatic;
				DEVELOPMENT_TEAM = 65BYK5SR4J;
				INFOPLIST_FILE = NetworkLayer/Info.plist;
				LD_RUNPATH_SEARCH_PATHS = (
					"$(inherited)",
					"@executable_path/Frameworks",
				);
				PRODUCT_BUNDLE_IDENTIFIER = RM.NetworkLayer;
				PRODUCT_NAME = "$(TARGET_NAME)";
				SWIFT_VERSION = 5.0;
				TARGETED_DEVICE_FAMILY = "1,2";
			};
			name = Release;
		};
		876287A5252BAFEA004FD518 /* Debug */ = {
			isa = XCBuildConfiguration;
			buildSettings = {
				ALWAYS_EMBED_SWIFT_STANDARD_LIBRARIES = YES;
				BUNDLE_LOADER = "$(TEST_HOST)";
				CODE_SIGN_STYLE = Automatic;
				DEVELOPMENT_TEAM = 65BYK5SR4J;
				INFOPLIST_FILE = NetworkLayerTests/Info.plist;
				IPHONEOS_DEPLOYMENT_TARGET = 13.2;
				LD_RUNPATH_SEARCH_PATHS = (
					"$(inherited)",
					"@executable_path/Frameworks",
					"@loader_path/Frameworks",
				);
				PRODUCT_BUNDLE_IDENTIFIER = RM.NetworkLayerTests;
				PRODUCT_NAME = "$(TARGET_NAME)";
				SWIFT_VERSION = 5.0;
				TARGETED_DEVICE_FAMILY = "1,2";
				TEST_HOST = "$(BUILT_PRODUCTS_DIR)/NetworkLayer.app/NetworkLayer";
			};
			name = Debug;
		};
		876287A6252BAFEA004FD518 /* Release */ = {
			isa = XCBuildConfiguration;
			buildSettings = {
				ALWAYS_EMBED_SWIFT_STANDARD_LIBRARIES = YES;
				BUNDLE_LOADER = "$(TEST_HOST)";
				CODE_SIGN_STYLE = Automatic;
				DEVELOPMENT_TEAM = 65BYK5SR4J;
				INFOPLIST_FILE = NetworkLayerTests/Info.plist;
				IPHONEOS_DEPLOYMENT_TARGET = 13.2;
				LD_RUNPATH_SEARCH_PATHS = (
					"$(inherited)",
					"@executable_path/Frameworks",
					"@loader_path/Frameworks",
				);
				PRODUCT_BUNDLE_IDENTIFIER = RM.NetworkLayerTests;
				PRODUCT_NAME = "$(TARGET_NAME)";
				SWIFT_VERSION = 5.0;
				TARGETED_DEVICE_FAMILY = "1,2";
				TEST_HOST = "$(BUILT_PRODUCTS_DIR)/NetworkLayer.app/NetworkLayer";
			};
			name = Release;
		};
/* End XCBuildConfiguration section */

/* Begin XCConfigurationList section */
		8762877D252BAFE2004FD518 /* Build configuration list for PBXProject "NetworkLayer" */ = {
			isa = XCConfigurationList;
			buildConfigurations = (
				8762879F252BAFEA004FD518 /* Debug */,
				876287A0252BAFEA004FD518 /* Release */,
			);
			defaultConfigurationIsVisible = 0;
			defaultConfigurationName = Release;
		};
		876287A1252BAFEA004FD518 /* Build configuration list for PBXNativeTarget "NetworkLayer" */ = {
			isa = XCConfigurationList;
			buildConfigurations = (
				876287A2252BAFEA004FD518 /* Debug */,
				876287A3252BAFEA004FD518 /* Release */,
			);
			defaultConfigurationIsVisible = 0;
			defaultConfigurationName = Release;
		};
		876287A4252BAFEA004FD518 /* Build configuration list for PBXNativeTarget "NetworkLayerTests" */ = {
			isa = XCConfigurationList;
			buildConfigurations = (
				876287A5252BAFEA004FD518 /* Debug */,
				876287A6252BAFEA004FD518 /* Release */,
			);
			defaultConfigurationIsVisible = 0;
			defaultConfigurationName = Release;
		};
/* End XCConfigurationList section */
	};
	rootObject = 8762877A252BAFE2004FD518 /* Project object */;
}
